
Microsoft Visual Studio Solution File, Format Version 12.00
# Visual Studio Version 16
VisualStudioVersion = 16.0.29806.167
MinimumVisualStudioVersion = 10.0.40219.1
Project("{9A19103F-16F7-4668-BE54-9A1E7A4F7556}") = "FlightControlWeb", "FlightControlWeb\FlightControlWeb.csproj", "{9E79A830-ED23-4B37-BF45-217F7D640079}"
EndProject
Project("{FAE04EC0-301F-11D3-BF4B-00C04F79EFBC}") = "UnitTestFlightControl", "UnitTestFlightControl\UnitTestFlightControl.csproj", "{251890EE-E1C1-4F1B-898A-0A33F93BFB43}"
EndProject
Global
	GlobalSection(SolutionConfigurationPlatforms) = preSolution
		Debug|Any CPU = Debug|Any CPU
		Release|Any CPU = Release|Any CPU
	EndGlobalSection
	GlobalSection(ProjectConfigurationPlatforms) = postSolution
		{9E79A830-ED23-4B37-BF45-217F7D640079}.Debug|Any CPU.ActiveCfg = Debug|Any CPU
		{9E79A830-ED23-4B37-BF45-217F7D640079}.Debug|Any CPU.Build.0 = Debug|Any CPU
		{9E79A830-ED23-4B37-BF45-217F7D640079}.Release|Any CPU.ActiveCfg = Release|Any CPU
		{9E79A830-ED23-4B37-BF45-217F7D640079}.Release|Any CPU.Build.0 = Release|Any CPU
		{251890EE-E1C1-4F1B-898A-0A33F93BFB43}.Debug|Any CPU.ActiveCfg = Debug|Any CPU
		{251890EE-E1C1-4F1B-898A-0A33F93BFB43}.Debug|Any CPU.Build.0 = Debug|Any CPU
		{251890EE-E1C1-4F1B-898A-0A33F93BFB43}.Release|Any CPU.ActiveCfg = Release|Any CPU
		{251890EE-E1C1-4F1B-898A-0A33F93BFB43}.Release|Any CPU.Build.0 = Release|Any CPU
	EndGlobalSection
	GlobalSection(SolutionProperties) = preSolution
		HideSolutionNode = FALSE
	EndGlobalSection
	GlobalSection(ExtensibilityGlobals) = postSolution
		SolutionGuid = {930A853C-3023-4DA7-8DDC-838B2E8D1569}
	EndGlobalSection
EndGlobal
